// !$*UTF8*$!
{
	archiveVersion = 1;
	classes = {
	};
	objectVersion = 45;
	objects = {

/* Begin PBXBuildFile section */
		1D3623260D0F684500981E51 /* AbsReaderAppDelegate.m in Sources */ = {isa = PBXBuildFile; fileRef = 1D3623250D0F684500981E51 /* AbsReaderAppDelegate.m */; };
		1D60589B0D05DD56006BFB54 /* main.m in Sources */ = {isa = PBXBuildFile; fileRef = 29B97316FDCFA39411CA2CEA /* main.m */; };
		1D60589F0D05DD5A006BFB54 /* Foundation.framework in Frameworks */ = {isa = PBXBuildFile; fileRef = 1D30AB110D05D00D00671497 /* Foundation.framework */; };
		1DF5F4E00D08C38300B7A737 /* UIKit.framework in Frameworks */ = {isa = PBXBuildFile; fileRef = 1DF5F4DF0D08C38300B7A737 /* UIKit.framework */; };
		2892E4100DC94CBA00A64D0F /* CoreGraphics.framework in Frameworks */ = {isa = PBXBuildFile; fileRef = 2892E40F0DC94CBA00A64D0F /* CoreGraphics.framework */; };
		28C286E10D94DF7D0034E888 /* FeedViewController.m in Sources */ = {isa = PBXBuildFile; fileRef = 28C286E00D94DF7D0034E888 /* FeedViewController.m */; };
		5A1D24F412EC9071000BA65C /* check.png in Resources */ = {isa = PBXBuildFile; fileRef = 5A1D24F212EC9071000BA65C /* check.png */; };
		5A1D24F512EC9071000BA65C /* check@2x.png in Resources */ = {isa = PBXBuildFile; fileRef = 5A1D24F312EC9071000BA65C /* check@2x.png */; };
		5A2A570D12CBA666001095A5 /* CoreGraphics.framework in Frameworks */ = {isa = PBXBuildFile; fileRef = 2892E40F0DC94CBA00A64D0F /* CoreGraphics.framework */; };
		5A2A570E12CBA66C001095A5 /* Foundation.framework in Frameworks */ = {isa = PBXBuildFile; fileRef = 1D30AB110D05D00D00671497 /* Foundation.framework */; };
		5A2A570F12CBA671001095A5 /* UIKit.framework in Frameworks */ = {isa = PBXBuildFile; fileRef = 1DF5F4DF0D08C38300B7A737 /* UIKit.framework */; };
		5A2A574A12CBA97A001095A5 /* FeedCache.m in Sources */ = {isa = PBXBuildFile; fileRef = 5AD7EE7512CB8D09002D123A /* FeedCache.m */; };
		5A2A575712CBAA13001095A5 /* rss_test.xml in Resources */ = {isa = PBXBuildFile; fileRef = 5AD7EED312CB9327002D123A /* rss_test.xml */; };
		5A2A578112CBABBF001095A5 /* FeedCacheTest.m in Sources */ = {isa = PBXBuildFile; fileRef = 5A2A578012CBABBF001095A5 /* FeedCacheTest.m */; };
		5A2A578312CBABE3001095A5 /* GHUnitIOSTestMain.m in Sources */ = {isa = PBXBuildFile; fileRef = 5A2A578212CBABE3001095A5 /* GHUnitIOSTestMain.m */; };
		5A2A57AD12CBAE0A001095A5 /* GHUnit.framework in Frameworks */ = {isa = PBXBuildFile; fileRef = 5A2A57AC12CBAE0A001095A5 /* GHUnit.framework */; };
		5A817F0212ECAC0B008AA8A9 /* app_icon-57.png in Resources */ = {isa = PBXBuildFile; fileRef = 5A817F0012ECAB8C008AA8A9 /* app_icon-57.png */; };
		5A817F0912ECB0A8008AA8A9 /* WebViewController.m in Sources */ = {isa = PBXBuildFile; fileRef = 5A817F0812ECB0A8008AA8A9 /* WebViewController.m */; };
		5A817F0E12ECB0BD008AA8A9 /* MainWindow.xib in Resources */ = {isa = PBXBuildFile; fileRef = 5A817F0A12ECB0BD008AA8A9 /* MainWindow.xib */; };
		5A817F0F12ECB0BD008AA8A9 /* FeedViewController.xib in Resources */ = {isa = PBXBuildFile; fileRef = 5A817F0B12ECB0BD008AA8A9 /* FeedViewController.xib */; };
		5A817F1012ECB0BD008AA8A9 /* SettingsViewController.xib in Resources */ = {isa = PBXBuildFile; fileRef = 5A817F0C12ECB0BD008AA8A9 /* SettingsViewController.xib */; };
		5A817F1112ECB0BD008AA8A9 /* WebViewController.xib in Resources */ = {isa = PBXBuildFile; fileRef = 5A817F0D12ECB0BD008AA8A9 /* WebViewController.xib */; };
		5ABC038512ECBB19008D3641 /* RootViewController.m in Sources */ = {isa = PBXBuildFile; fileRef = 5ABC038312ECBB19008D3641 /* RootViewController.m */; };
		5ABC038812ECBC14008D3641 /* RootViewController.xib in Resources */ = {isa = PBXBuildFile; fileRef = 5ABC038712ECBC14008D3641 /* RootViewController.xib */; };
		5AD7E7C412C8E7A8002D123A /* SettingsViewController.m in Sources */ = {isa = PBXBuildFile; fileRef = 5AD7E7C212C8E7A8002D123A /* SettingsViewController.m */; };
		5AD7EA2712C9FFFE002D123A /* gear@2x.png in Resources */ = {isa = PBXBuildFile; fileRef = 5AD7EA2612C9FFFE002D123A /* gear@2x.png */; };
		5AD7EA7812CA055A002D123A /* gear.png in Resources */ = {isa = PBXBuildFile; fileRef = 5AD7EA7712CA055A002D123A /* gear.png */; };
		5AD7EE7612CB8D09002D123A /* FeedCache.m in Sources */ = {isa = PBXBuildFile; fileRef = 5AD7EE7512CB8D09002D123A /* FeedCache.m */; };
/* End PBXBuildFile section */

/* Begin PBXFileReference section */
		1D30AB110D05D00D00671497 /* Foundation.framework */ = {isa = PBXFileReference; lastKnownFileType = wrapper.framework; name = Foundation.framework; path = System/Library/Frameworks/Foundation.framework; sourceTree = SDKROOT; };
		1D3623240D0F684500981E51 /* AbsReaderAppDelegate.h */ = {isa = PBXFileReference; fileEncoding = 4; lastKnownFileType = sourcecode.c.h; path = AbsReaderAppDelegate.h; sourceTree = "<group>"; };
		1D3623250D0F684500981E51 /* AbsReaderAppDelegate.m */ = {isa = PBXFileReference; fileEncoding = 4; lastKnownFileType = sourcecode.c.objc; path = AbsReaderAppDelegate.m; sourceTree = "<group>"; };
		1DF5F4DF0D08C38300B7A737 /* UIKit.framework */ = {isa = PBXFileReference; lastKnownFileType = wrapper.framework; name = UIKit.framework; path = System/Library/Frameworks/UIKit.framework; sourceTree = SDKROOT; };
		2892E40F0DC94CBA00A64D0F /* CoreGraphics.framework */ = {isa = PBXFileReference; lastKnownFileType = wrapper.framework; name = CoreGraphics.framework; path = System/Library/Frameworks/CoreGraphics.framework; sourceTree = SDKROOT; };
		28A0AAE50D9B0CCF005BE974 /* AbsReader_Prefix.pch */ = {isa = PBXFileReference; fileEncoding = 4; lastKnownFileType = sourcecode.c.h; path = AbsReader_Prefix.pch; sourceTree = "<group>"; };
		28C286DF0D94DF7D0034E888 /* FeedViewController.h */ = {isa = PBXFileReference; fileEncoding = 4; lastKnownFileType = sourcecode.c.h; path = FeedViewController.h; sourceTree = "<group>"; };
		28C286E00D94DF7D0034E888 /* FeedViewController.m */ = {isa = PBXFileReference; fileEncoding = 4; lastKnownFileType = sourcecode.c.objc; path = FeedViewController.m; sourceTree = "<group>"; };
		29B97316FDCFA39411CA2CEA /* main.m */ = {isa = PBXFileReference; fileEncoding = 4; lastKnownFileType = sourcecode.c.objc; path = main.m; sourceTree = "<group>"; };
		5A1D24F212EC9071000BA65C /* check.png */ = {isa = PBXFileReference; lastKnownFileType = image.png; name = check.png; path = Resources/check.png; sourceTree = "<group>"; };
		5A1D24F312EC9071000BA65C /* check@2x.png */ = {isa = PBXFileReference; lastKnownFileType = image.png; name = "check@2x.png"; path = "Resources/check@2x.png"; sourceTree = "<group>"; };
		5A2A570112CBA612001095A5 /* Tests-Info.plist */ = {isa = PBXFileReference; lastKnownFileType = text.plist.xml; path = "Tests-Info.plist"; sourceTree = "<group>"; };
		5A2A578012CBABBF001095A5 /* FeedCacheTest.m */ = {isa = PBXFileReference; fileEncoding = 4; lastKnownFileType = sourcecode.c.objc; name = FeedCacheTest.m; path = Tests/FeedCacheTest.m; sourceTree = "<group>"; };
		5A2A578212CBABE3001095A5 /* GHUnitIOSTestMain.m */ = {isa = PBXFileReference; fileEncoding = 4; lastKnownFileType = sourcecode.c.objc; name = GHUnitIOSTestMain.m; path = Tests/GHUnitIOSTestMain.m; sourceTree = "<group>"; };
		5A2A57AC12CBAE0A001095A5 /* GHUnit.framework */ = {isa = PBXFileReference; lastKnownFileType = wrapper.framework; name = GHUnit.framework; path = /Users/sas/Library/Frameworks/GHUnit.framework; sourceTree = "<absolute>"; };
		5A817F0012ECAB8C008AA8A9 /* app_icon-57.png */ = {isa = PBXFileReference; lastKnownFileType = image.png; name = "app_icon-57.png"; path = "Resources/app_icon-57.png"; sourceTree = "<group>"; };
		5A817F0712ECB0A8008AA8A9 /* WebViewController.h */ = {isa = PBXFileReference; fileEncoding = 4; lastKnownFileType = sourcecode.c.h; path = WebViewController.h; sourceTree = "<group>"; };
		5A817F0812ECB0A8008AA8A9 /* WebViewController.m */ = {isa = PBXFileReference; fileEncoding = 4; lastKnownFileType = sourcecode.c.objc; path = WebViewController.m; sourceTree = "<group>"; };
		5A817F0A12ECB0BD008AA8A9 /* MainWindow.xib */ = {isa = PBXFileReference; fileEncoding = 4; lastKnownFileType = file.xib; name = MainWindow.xib; path = Resources/MainWindow.xib; sourceTree = "<group>"; };
		5A817F0B12ECB0BD008AA8A9 /* FeedViewController.xib */ = {isa = PBXFileReference; fileEncoding = 4; lastKnownFileType = file.xib; name = FeedViewController.xib; path = Resources/FeedViewController.xib; sourceTree = "<group>"; };
		5A817F0C12ECB0BD008AA8A9 /* SettingsViewController.xib */ = {isa = PBXFileReference; fileEncoding = 4; lastKnownFileType = file.xib; name = SettingsViewController.xib; path = Resources/SettingsViewController.xib; sourceTree = "<group>"; };
		5A817F0D12ECB0BD008AA8A9 /* WebViewController.xib */ = {isa = PBXFileReference; fileEncoding = 4; lastKnownFileType = file.xib; name = WebViewController.xib; path = Resources/WebViewController.xib; sourceTree = "<group>"; };
		5A8EEF75130D4CF800CA4C8F /* AbsReader.app */ = {isa = PBXFileReference; explicitFileType = wrapper.application; includeInIndex = 0; path = AbsReader.app; sourceTree = BUILT_PRODUCTS_DIR; };
		5A8EEF78130D4CF800CA4C8F /* Tests.app */ = {isa = PBXFileReference; explicitFileType = wrapper.application; includeInIndex = 0; path = Tests.app; sourceTree = BUILT_PRODUCTS_DIR; };
		5ABC038212ECBB19008D3641 /* RootViewController.h */ = {isa = PBXFileReference; fileEncoding = 4; lastKnownFileType = sourcecode.c.h; path = RootViewController.h; sourceTree = "<group>"; };
		5ABC038312ECBB19008D3641 /* RootViewController.m */ = {isa = PBXFileReference; fileEncoding = 4; lastKnownFileType = sourcecode.c.objc; path = RootViewController.m; sourceTree = "<group>"; };
		5ABC038712ECBC14008D3641 /* RootViewController.xib */ = {isa = PBXFileReference; fileEncoding = 4; lastKnownFileType = file.xib; name = RootViewController.xib; path = Resources/RootViewController.xib; sourceTree = "<group>"; };
		5AD7E7C112C8E7A8002D123A /* SettingsViewController.h */ = {isa = PBXFileReference; fileEncoding = 4; lastKnownFileType = sourcecode.c.h; path = SettingsViewController.h; sourceTree = "<group>"; };
		5AD7E7C212C8E7A8002D123A /* SettingsViewController.m */ = {isa = PBXFileReference; fileEncoding = 4; lastKnownFileType = sourcecode.c.objc; path = SettingsViewController.m; sourceTree = "<group>"; };
		5AD7EA2612C9FFFE002D123A /* gear@2x.png */ = {isa = PBXFileReference; lastKnownFileType = image.png; name = "gear@2x.png"; path = "Resources/gear@2x.png"; sourceTree = "<group>"; };
		5AD7EA7712CA055A002D123A /* gear.png */ = {isa = PBXFileReference; lastKnownFileType = image.png; name = gear.png; path = Resources/gear.png; sourceTree = "<group>"; };
		5AD7EE7412CB8D09002D123A /* FeedCache.h */ = {isa = PBXFileReference; fileEncoding = 4; lastKnownFileType = sourcecode.c.h; path = FeedCache.h; sourceTree = "<group>"; };
		5AD7EE7512CB8D09002D123A /* FeedCache.m */ = {isa = PBXFileReference; fileEncoding = 4; lastKnownFileType = sourcecode.c.objc; path = FeedCache.m; sourceTree = "<group>"; };
		5AD7EE8B12CB8EC4002D123A /* UnitTests-Info.plist */ = {isa = PBXFileReference; lastKnownFileType = text.plist.xml; path = "UnitTests-Info.plist"; sourceTree = "<group>"; };
		5AD7EED312CB9327002D123A /* rss_test.xml */ = {isa = PBXFileReference; fileEncoding = 4; lastKnownFileType = text.xml; name = rss_test.xml; path = Resources/rss_test.xml; sourceTree = "<group>"; };
		8D1107310486CEB800E47090 /* AbsReader-Info.plist */ = {isa = PBXFileReference; fileEncoding = 4; lastKnownFileType = text.plist.xml; path = "AbsReader-Info.plist"; plistStructureDefinitionIdentifier = "com.apple.xcode.plist.structure-definition.iphone.info-plist"; sourceTree = "<group>"; };
/* End PBXFileReference section */

/* Begin PBXFrameworksBuildPhase section */
		1D60588F0D05DD3D006BFB54 /* Frameworks */ = {
			isa = PBXFrameworksBuildPhase;
			buildActionMask = 2147483647;
			files = (
				1D60589F0D05DD5A006BFB54 /* Foundation.framework in Frameworks */,
				1DF5F4E00D08C38300B7A737 /* UIKit.framework in Frameworks */,
				2892E4100DC94CBA00A64D0F /* CoreGraphics.framework in Frameworks */,
			);
			runOnlyForDeploymentPostprocessing = 0;
		};
		5A2A56FD12CBA612001095A5 /* Frameworks */ = {
			isa = PBXFrameworksBuildPhase;
			buildActionMask = 2147483647;
			files = (
				5A2A570D12CBA666001095A5 /* CoreGraphics.framework in Frameworks */,
				5A2A570E12CBA66C001095A5 /* Foundation.framework in Frameworks */,
				5A2A570F12CBA671001095A5 /* UIKit.framework in Frameworks */,
				5A2A57AD12CBAE0A001095A5 /* GHUnit.framework in Frameworks */,
			);
			runOnlyForDeploymentPostprocessing = 0;
		};
/* End PBXFrameworksBuildPhase section */

/* Begin PBXGroup section */
		080E96DDFE201D6D7F000001 /* Classes */ = {
			isa = PBXGroup;
			children = (
				28C286DF0D94DF7D0034E888 /* FeedViewController.h */,
				28C286E00D94DF7D0034E888 /* FeedViewController.m */,
				1D3623240D0F684500981E51 /* AbsReaderAppDelegate.h */,
				1D3623250D0F684500981E51 /* AbsReaderAppDelegate.m */,
				5AD7E7C112C8E7A8002D123A /* SettingsViewController.h */,
				5AD7E7C212C8E7A8002D123A /* SettingsViewController.m */,
				5A817F0712ECB0A8008AA8A9 /* WebViewController.h */,
				5A817F0812ECB0A8008AA8A9 /* WebViewController.m */,
				5AD7EE7412CB8D09002D123A /* FeedCache.h */,
				5AD7EE7512CB8D09002D123A /* FeedCache.m */,
				5ABC038212ECBB19008D3641 /* RootViewController.h */,
				5ABC038312ECBB19008D3641 /* RootViewController.m */,
			);
			path = Classes;
			sourceTree = "<group>";
		};
		29B97314FDCFA39411CA2CEA /* CustomTemplate */ = {
			isa = PBXGroup;
			children = (
				080E96DDFE201D6D7F000001 /* Classes */,
				5AD7EE9012CB8EE1002D123A /* Tests */,
				29B97315FDCFA39411CA2CEA /* Other Sources */,
				29B97317FDCFA39411CA2CEA /* Resources */,
				29B97323FDCFA39411CA2CEA /* Frameworks */,
				5AD7EE8B12CB8EC4002D123A /* UnitTests-Info.plist */,
				5A2A570112CBA612001095A5 /* Tests-Info.plist */,
				5A8EEF76130D4CF800CA4C8F /* Products */,
			);
			name = CustomTemplate;
			sourceTree = "<group>";
		};
		29B97315FDCFA39411CA2CEA /* Other Sources */ = {
			isa = PBXGroup;
			children = (
				28A0AAE50D9B0CCF005BE974 /* AbsReader_Prefix.pch */,
				29B97316FDCFA39411CA2CEA /* main.m */,
			);
			name = "Other Sources";
			sourceTree = "<group>";
		};
		29B97317FDCFA39411CA2CEA /* Resources */ = {
			isa = PBXGroup;
			children = (
				5A817F0A12ECB0BD008AA8A9 /* MainWindow.xib */,
				5A817F0B12ECB0BD008AA8A9 /* FeedViewController.xib */,
				5ABC038712ECBC14008D3641 /* RootViewController.xib */,
				5A817F0C12ECB0BD008AA8A9 /* SettingsViewController.xib */,
				5A817F0D12ECB0BD008AA8A9 /* WebViewController.xib */,
				5AD7EED312CB9327002D123A /* rss_test.xml */,
				8D1107310486CEB800E47090 /* AbsReader-Info.plist */,
				5AD7EA7712CA055A002D123A /* gear.png */,
				5AD7EA2612C9FFFE002D123A /* gear@2x.png */,
				5A1D24F212EC9071000BA65C /* check.png */,
				5A1D24F312EC9071000BA65C /* check@2x.png */,
				5A817F0012ECAB8C008AA8A9 /* app_icon-57.png */,
			);
			name = Resources;
			sourceTree = "<group>";
		};
		29B97323FDCFA39411CA2CEA /* Frameworks */ = {
			isa = PBXGroup;
			children = (
				1DF5F4DF0D08C38300B7A737 /* UIKit.framework */,
				1D30AB110D05D00D00671497 /* Foundation.framework */,
				2892E40F0DC94CBA00A64D0F /* CoreGraphics.framework */,
				5A2A57AC12CBAE0A001095A5 /* GHUnit.framework */,
			);
			name = Frameworks;
			sourceTree = "<group>";
		};
		5A8EEF76130D4CF800CA4C8F /* Products */ = {
			isa = PBXGroup;
			children = (
				5A8EEF75130D4CF800CA4C8F /* AbsReader.app */,
				5A8EEF78130D4CF800CA4C8F /* Tests.app */,
			);
			name = Products;
			sourceTree = "<group>";
		};
		5AD7EE9012CB8EE1002D123A /* Tests */ = {
			isa = PBXGroup;
			children = (
				5A2A578012CBABBF001095A5 /* FeedCacheTest.m */,
				5A2A578212CBABE3001095A5 /* GHUnitIOSTestMain.m */,
			);
			name = Tests;
			sourceTree = "<group>";
		};
/* End PBXGroup section */

/* Begin PBXNativeTarget section */
		1D6058900D05DD3D006BFB54 /* AbsReader */ = {
			isa = PBXNativeTarget;
			buildConfigurationList = 1D6058960D05DD3E006BFB54 /* Build configuration list for PBXNativeTarget "AbsReader" */;
			buildPhases = (
				1D60588D0D05DD3D006BFB54 /* Resources */,
				1D60588E0D05DD3D006BFB54 /* Sources */,
				1D60588F0D05DD3D006BFB54 /* Frameworks */,
				5AD7EDBA12CB65A4002D123A /* ShellScript */,
			);
			buildRules = (
			);
			dependencies = (
			);
			name = AbsReader;
			productName = AbsReader;
			productReference = 5A8EEF75130D4CF800CA4C8F /* AbsReader.app */;
			productType = "com.apple.product-type.application";
		};
		5A2A56FE12CBA612001095A5 /* Tests */ = {
			isa = PBXNativeTarget;
			buildConfigurationList = 5A2A570412CBA612001095A5 /* Build configuration list for PBXNativeTarget "Tests" */;
			buildPhases = (
				5A2A56FB12CBA612001095A5 /* Resources */,
				5A2A56FC12CBA612001095A5 /* Sources */,
				5A2A56FD12CBA612001095A5 /* Frameworks */,
			);
			buildRules = (
			);
			dependencies = (
			);
			name = Tests;
			productName = Tests;
			productReference = 5A8EEF78130D4CF800CA4C8F /* Tests.app */;
			productType = "com.apple.product-type.application";
		};
/* End PBXNativeTarget section */

/* Begin PBXProject section */
		29B97313FDCFA39411CA2CEA /* Project object */ = {
			isa = PBXProject;
			buildConfigurationList = C01FCF4E08A954540054247B /* Build configuration list for PBXProject "AbsReader" */;
			compatibilityVersion = "Xcode 3.1";
			developmentRegion = English;
			hasScannedForEncodings = 1;
			knownRegions = (
				English,
				Japanese,
				French,
				German,
				en,
			);
			mainGroup = 29B97314FDCFA39411CA2CEA /* CustomTemplate */;
			productRefGroup = 5A8EEF76130D4CF800CA4C8F /* Products */;
			projectDirPath = "";
			projectRoot = "";
			targets = (
				1D6058900D05DD3D006BFB54 /* AbsReader */,
				5A2A56FE12CBA612001095A5 /* Tests */,
			);
		};
/* End PBXProject section */

/* Begin PBXResourcesBuildPhase section */
		1D60588D0D05DD3D006BFB54 /* Resources */ = {
			isa = PBXResourcesBuildPhase;
			buildActionMask = 2147483647;
			files = (
				5AD7EA2712C9FFFE002D123A /* gear@2x.png in Resources */,
				5AD7EA7812CA055A002D123A /* gear.png in Resources */,
				5A1D24F412EC9071000BA65C /* check.png in Resources */,
				5A1D24F512EC9071000BA65C /* check@2x.png in Resources */,
				5A817F0212ECAC0B008AA8A9 /* app_icon-57.png in Resources */,
				5A817F0E12ECB0BD008AA8A9 /* MainWindow.xib in Resources */,
				5A817F0F12ECB0BD008AA8A9 /* FeedViewController.xib in Resources */,
				5A817F1012ECB0BD008AA8A9 /* SettingsViewController.xib in Resources */,
				5A817F1112ECB0BD008AA8A9 /* WebViewController.xib in Resources */,
				5ABC038812ECBC14008D3641 /* RootViewController.xib in Resources */,
			);
			runOnlyForDeploymentPostprocessing = 0;
		};
		5A2A56FB12CBA612001095A5 /* Resources */ = {
			isa = PBXResourcesBuildPhase;
			buildActionMask = 2147483647;
			files = (
				5A2A575712CBAA13001095A5 /* rss_test.xml in Resources */,
			);
			runOnlyForDeploymentPostprocessing = 0;
		};
/* End PBXResourcesBuildPhase section */

/* Begin PBXShellScriptBuildPhase section */
		5AD7EDBA12CB65A4002D123A /* ShellScript */ = {
			isa = PBXShellScriptBuildPhase;
			buildActionMask = 2147483647;
			files = (
			);
			inputPaths = (
			);
			outputPaths = (
			);
			runOnlyForDeploymentPostprocessing = 0;
			shellPath = /bin/sh;
			shellScript = "# run git status to refresh index (sometimes the repos would be reported as dirty otherwise)\ngit status\nversion=$(git describe --tags --dirty)\necho version: $version\n\ninfo_plist=$BUILT_PRODUCTS_DIR/$PRODUCT_NAME.app/Info.plist\n\n/usr/libexec/PlistBuddy -c \"Set :CFBundleVersion $version\" $info_plist\n";
		};
/* End PBXShellScriptBuildPhase section */

/* Begin PBXSourcesBuildPhase section */
		1D60588E0D05DD3D006BFB54 /* Sources */ = {
			isa = PBXSourcesBuildPhase;
			buildActionMask = 2147483647;
			files = (
				1D60589B0D05DD56006BFB54 /* main.m in Sources */,
				1D3623260D0F684500981E51 /* AbsReaderAppDelegate.m in Sources */,
				28C286E10D94DF7D0034E888 /* FeedViewController.m in Sources */,
				5AD7E7C412C8E7A8002D123A /* SettingsViewController.m in Sources */,
				5AD7EE7612CB8D09002D123A /* FeedCache.m in Sources */,
				5A817F0912ECB0A8008AA8A9 /* WebViewController.m in Sources */,
				5ABC038512ECBB19008D3641 /* RootViewController.m in Sources */,
			);
			runOnlyForDeploymentPostprocessing = 0;
		};
		5A2A56FC12CBA612001095A5 /* Sources */ = {
			isa = PBXSourcesBuildPhase;
			buildActionMask = 2147483647;
			files = (
				5A2A574A12CBA97A001095A5 /* FeedCache.m in Sources */,
				5A2A578112CBABBF001095A5 /* FeedCacheTest.m in Sources */,
				5A2A578312CBABE3001095A5 /* GHUnitIOSTestMain.m in Sources */,
			);
			runOnlyForDeploymentPostprocessing = 0;
		};
/* End PBXSourcesBuildPhase section */

/* Begin XCBuildConfiguration section */
		1D6058940D05DD3E006BFB54 /* Debug */ = {
			isa = XCBuildConfiguration;
			buildSettings = {
				ALWAYS_SEARCH_USER_PATHS = NO;
				COPY_PHASE_STRIP = NO;
				GCC_DYNAMIC_NO_PIC = NO;
				GCC_OPTIMIZATION_LEVEL = 0;
				GCC_PRECOMPILE_PREFIX_HEADER = YES;
				GCC_PREFIX_HEADER = AbsReader_Prefix.pch;
				INFOPLIST_FILE = "AbsReader-Info.plist";
				PRODUCT_NAME = AbsReader;
			};
			name = Debug;
		};
		1D6058950D05DD3E006BFB54 /* Release */ = {
			isa = XCBuildConfiguration;
			buildSettings = {
				ALWAYS_SEARCH_USER_PATHS = NO;
				"CODE_SIGN_IDENTITY[sdk=iphoneos*]" = "iPhone Developer";
				COPY_PHASE_STRIP = YES;
				GCC_PRECOMPILE_PREFIX_HEADER = YES;
				GCC_PREFIX_HEADER = AbsReader_Prefix.pch;
				INFOPLIST_FILE = "AbsReader-Info.plist";
				PRODUCT_NAME = AbsReader;
				"PROVISIONING_PROFILE[sdk=iphoneos*]" = "";
				VALIDATE_PRODUCT = YES;
			};
			name = Release;
		};
		5A2A570212CBA612001095A5 /* Debug */ = {
			isa = XCBuildConfiguration;
			buildSettings = {
				ALWAYS_SEARCH_USER_PATHS = NO;
				CODE_SIGN_IDENTITY = "iPhone Developer";
				COPY_PHASE_STRIP = NO;
				FRAMEWORK_SEARCH_PATHS = (
					"$(inherited)",
					"$(HOME)/Library/Frameworks",
				);
				GCC_DYNAMIC_NO_PIC = NO;
				GCC_OPTIMIZATION_LEVEL = 0;
				GCC_PRECOMPILE_PREFIX_HEADER = YES;
				GCC_PREFIX_HEADER = "$(SYSTEM_LIBRARY_DIR)/Frameworks/UIKit.framework/Headers/UIKit.h";
				INFOPLIST_FILE = "Tests-Info.plist";
				INSTALL_PATH = "$(HOME)/Applications";
				OTHER_LDFLAGS = (
					"-all_load",
					"-ObjC",
					"-framework",
					Foundation,
					"-framework",
					UIKit,
				);
				PREBINDING = NO;
				PRODUCT_NAME = Tests;
				SDKROOT = iphoneos;
			};
			name = Debug;
		};
		5A2A570312CBA612001095A5 /* Release */ = {
			isa = XCBuildConfiguration;
			buildSettings = {
				ALWAYS_SEARCH_USER_PATHS = NO;
				CODE_SIGN_IDENTITY = "iPhone Developer";
				COPY_PHASE_STRIP = YES;
				DEBUG_INFORMATION_FORMAT = "dwarf-with-dsym";
				FRAMEWORK_SEARCH_PATHS = (
					"$(inherited)",
					/Volumes/HardDisk/sas/Downloads,
					"\"$(SRCROOT)/../../Library/Frameworks\"",
				);
				GCC_ENABLE_FIX_AND_CONTINUE = NO;
				GCC_PRECOMPILE_PREFIX_HEADER = YES;
				GCC_PREFIX_HEADER = "$(SYSTEM_LIBRARY_DIR)/Frameworks/UIKit.framework/Headers/UIKit.h";
				INFOPLIST_FILE = "Tests-Info.plist";
				INSTALL_PATH = "$(HOME)/Applications";
				OTHER_LDFLAGS = (
					"-framework",
					Foundation,
					"-framework",
					UIKit,
				);
				PREBINDING = NO;
				PRODUCT_NAME = Tests;
				SDKROOT = iphoneos;
				ZERO_LINK = NO;
			};
			name = Release;
		};
		C01FCF4F08A954540054247B /* Debug */ = {
			isa = XCBuildConfiguration;
			buildSettings = {
				ARCHS = "$(ARCHS_STANDARD_32_BIT)";
				"CODE_SIGN_IDENTITY[sdk=iphoneos*]" = "iPhone Developer";
				GCC_C_LANGUAGE_STANDARD = c99;
				GCC_VERSION = com.apple.compilers.llvm.clang.1_0;
				GCC_WARN_ABOUT_RETURN_TYPE = YES;
				GCC_WARN_UNUSED_VARIABLE = YES;
				PREBINDING = NO;
				SDKROOT = iphoneos;
			};
			name = Debug;
		};
		C01FCF5008A954540054247B /* Release */ = {
			isa = XCBuildConfiguration;
			buildSettings = {
				ARCHS = "$(ARCHS_STANDARD_32_BIT)";
				"CODE_SIGN_IDENTITY[sdk=iphoneos*]" = "iPhone Developer";
				GCC_C_LANGUAGE_STANDARD = c99;
				GCC_VERSION = com.apple.compilers.llvm.clang.1_0;
				GCC_WARN_ABOUT_RETURN_TYPE = YES;
				GCC_WARN_UNUSED_VARIABLE = YES;
				OTHER_CFLAGS = "-DNS_BLOCK_ASSERTIONS=1";
				PREBINDING = NO;
				SDKROOT = iphoneos;
			};
			name = Release;
		};
/* End XCBuildConfiguration section */

/* Begin XCConfigurationList section */
		1D6058960D05DD3E006BFB54 /* Build configuration list for PBXNativeTarget "AbsReader" */ = {
			isa = XCConfigurationList;
			buildConfigurations = (
				1D6058940D05DD3E006BFB54 /* Debug */,
				1D6058950D05DD3E006BFB54 /* Release */,
			);
			defaultConfigurationIsVisible = 0;
			defaultConfigurationName = Release;
		};
		5A2A570412CBA612001095A5 /* Build configuration list for PBXNativeTarget "Tests" */ = {
			isa = XCConfigurationList;
			buildConfigurations = (
				5A2A570212CBA612001095A5 /* Debug */,
				5A2A570312CBA612001095A5 /* Release */,
			);
			defaultConfigurationIsVisible = 0;
			defaultConfigurationName = Release;
		};
		C01FCF4E08A954540054247B /* Build configuration list for PBXProject "AbsReader" */ = {
			isa = XCConfigurationList;
			buildConfigurations = (
				C01FCF4F08A954540054247B /* Debug */,
				C01FCF5008A954540054247B /* Release */,
			);
			defaultConfigurationIsVisible = 0;
			defaultConfigurationName = Release;
		};
/* End XCConfigurationList section */
	};
	rootObject = 29B97313FDCFA39411CA2CEA /* Project object */;
}
